
Microsoft Visual Studio Solution File, Format Version 12.00
# Visual Studio 15
VisualStudioVersion = 15.0.27130.2024
MinimumVisualStudioVersion = 10.0.40219.1
Project("{FAE04EC0-301F-11D3-BF4B-00C04F79EFBC}") = "Test", "Test\Test.csproj", "{4317D1D2-604C-481C-B31B-C3F12EA06B70}"
EndProject
Global
	GlobalSection(SolutionConfigurationPlatforms) = preSolution
		Debug|Any CPU = Debug|Any CPU
		Release|Any CPU = Release|Any CPU
	EndGlobalSection
	GlobalSection(ProjectConfigurationPlatforms) = postSolution
		{4317D1D2-604C-481C-B31B-C3F12EA06B70}.Debug|Any CPU.ActiveCfg = Debug|Any CPU
		{4317D1D2-604C-481C-B31B-C3F12EA06B70}.Debug|Any CPU.Build.0 = Debug|Any CPU
		{4317D1D2-604C-481C-B31B-C3F12EA06B70}.Release|Any CPU.ActiveCfg = Release|Any CPU
		{4317D1D2-604C-481C-B31B-C3F12EA06B70}.Release|Any CPU.Build.0 = Release|Any CPU
	EndGlobalSection
	GlobalSection(SolutionProperties) = preSolution
		HideSolutionNode = FALSE
	EndGlobalSection
	GlobalSection(ExtensibilityGlobals) = postSolution
		SolutionGuid = {1D1EF31C-20B3-4A37-BCDB-58E6B962727D}
	EndGlobalSection
EndGlobal
